
Microsoft Visual Studio Solution File, Format Version 12.00
# Visual Studio Version 17
VisualStudioVersion = 17.8.34525.116
MinimumVisualStudioVersion = 10.0.40219.1
Project("{FAE04EC0-301F-11D3-BF4B-00C04F79EFBC}") = "backend", "backend\backend.csproj", "{F98F2410-3F08-48C9-884C-8D6FDB3E95C1}"
EndProject
Global
	GlobalSection(SolutionConfigurationPlatforms) = preSolution
		Debug|Any CPU = Debug|Any CPU
		Release|Any CPU = Release|Any CPU
	EndGlobalSection
	GlobalSection(ProjectConfigurationPlatforms) = postSolution
		{F98F2410-3F08-48C9-884C-8D6FDB3E95C1}.Debug|Any CPU.ActiveCfg = Debug|Any CPU
		{F98F2410-3F08-48C9-884C-8D6FDB3E95C1}.Debug|Any CPU.Build.0 = Debug|Any CPU
		{F98F2410-3F08-48C9-884C-8D6FDB3E95C1}.Release|Any CPU.ActiveCfg = Release|Any CPU
		{F98F2410-3F08-48C9-884C-8D6FDB3E95C1}.Release|Any CPU.Build.0 = Release|Any CPU
	EndGlobalSection
	GlobalSection(SolutionProperties) = preSolution
		HideSolutionNode = FALSE
	EndGlobalSection
	GlobalSection(ExtensibilityGlobals) = postSolution
		SolutionGuid = {AD7B87DF-6FC6-4550-B821-EC0680CEA0C7}
	EndGlobalSection
EndGlobal
